{
  "name": "benchmark",
  "lockfileVersion": 3,
  "requires": true,
  "packages": {
    "": {
      "devDependencies": {
        "oxlint": "^0.2.16",
        "oxlint-rs-npm": ".."
      }
    },
    "..": {
      "version": "0.2.16",
      "dev": true,
      "hasInstallScript": true,
      "license": "Apache-2.0",
      "dependencies": {
        "binary2npm": "^0.3.1"
      },
      "bin": {
        "oxlint": "oxlint"
      },
      "engines": {
        "node": ">=18.19.1"
      }
    },
    "node_modules/@oxlint/darwin-arm64": {
      "version": "0.2.16",
      "resolved": "https://registry.npmjs.org/@oxlint/darwin-arm64/-/darwin-arm64-0.2.16.tgz",
      "integrity": "sha512-yYTfmb1cFs/PFyHYSdfi0Yj6MlhllJfhSb8v5ZlzLIJw6qSH28kqIFx8fXVG//PlWBaPpAwjL/DvNxYewLgJYA==",
      "cpu": [
        "arm64"
      ],
      "dev": true,
      "optional": true,
      "os": [
        "darwin"
      ]
    },
    "node_modules/@oxlint/darwin-x64": {
      "version": "0.2.16",
      "resolved": "https://registry.npmjs.org/@oxlint/darwin-x64/-/darwin-x64-0.2.16.tgz",
      "integrity": "sha512-MZnCmzw9li0ZLesl7VAKyz4qfEQ6KXrXj5fzR91Pb+Nd4hQcwqtp7gn9N2iY9GpI0M7VzLC1sEzw8jcqT4u7VA==",
      "cpu": [
        "x64"
      ],
      "dev": true,
      "optional": true,
      "os": [
        "darwin"
      ]
    },
    "node_modules/@oxlint/linux-arm64-gnu": {
      "version": "0.2.16",
      "resolved": "https://registry.npmjs.org/@oxlint/linux-arm64-gnu/-/linux-arm64-gnu-0.2.16.tgz",
      "integrity": "sha512-esLZ6pDm7x8HWAS2FdaO25i+JN6GniuPPRqP+PevmVoiRscnGlDtRH3ttZW6WefAxCNTAqmsVtUUNp2GY9vA2g==",
      "cpu": [
        "arm64"
      ],
      "dev": true,
      "optional": true,
      "os": [
        "linux"
      ]
    },
    "node_modules/@oxlint/linux-arm64-musl": {
      "version": "0.2.16",
      "resolved": "https://registry.npmjs.org/@oxlint/linux-arm64-musl/-/linux-arm64-musl-0.2.16.tgz",
      "integrity": "sha512-wI+DonxPSJCSCC+GbpG+BkMeiHf70Hvavr+2bQZS3lIwkh41YY3dmFHiETrs0KIrJSk0KEZhbJsVUAKczYOqAQ==",
      "cpu": [
        "arm64"
      ],
      "dev": true,
      "optional": true,
      "os": [
        "linux"
      ]
    },
    "node_modules/@oxlint/linux-x64-gnu": {
      "version": "0.2.16",
      "resolved": "https://registry.npmjs.org/@oxlint/linux-x64-gnu/-/linux-x64-gnu-0.2.16.tgz",
      "integrity": "sha512-9FBJ6JnQvfPzx54jQbY1YzgPBN7CQ66YEuH5AgR2Y/Tqqp+hML7a5iViZjyBKNUVbce0kyUtwi5vDzRMLa293w==",
      "cpu": [
        "x64"
      ],
      "dev": true,
      "optional": true,
      "os": [
        "linux"
      ]
    },
    "node_modules/@oxlint/linux-x64-musl": {
      "version": "0.2.16",
      "resolved": "https://registry.npmjs.org/@oxlint/linux-x64-musl/-/linux-x64-musl-0.2.16.tgz",
      "integrity": "sha512-MTrzNvhyYmJIZkanlPcH9eXlYv8Bn6TUz08nfQSKDa62qaE+zmIzL0fSMMUD00W7AUuFZYlgtztQMsBqEmwzXg==",
      "cpu": [
        "x64"
      ],
      "dev": true,
      "optional": true,
      "os": [
        "linux"
      ]
    },
    "node_modules/@oxlint/win32-arm64": {
      "version": "0.2.16",
      "resolved": "https://registry.npmjs.org/@oxlint/win32-arm64/-/win32-arm64-0.2.16.tgz",
      "integrity": "sha512-A8KBa9kezFmKxxM9diemQAokEDt3hiVmKoNiryFOoREdXDslHgwLmVt53FUIn4C9qSD8IwUQUNCJ42Fo1tnYlw==",
      "cpu": [
        "arm64"
      ],
      "dev": true,
      "optional": true,
      "os": [
        "win32"
      ]
    },
    "node_modules/@oxlint/win32-x64": {
      "version": "0.2.16",
      "resolved": "https://registry.npmjs.org/@oxlint/win32-x64/-/win32-x64-0.2.16.tgz",
      "integrity": "sha512-6tDk2LtK2eSp8ErPaSHrgl7qN7+BE8/nJhJ/Wepg02uYK0ZOFcU4b72PpD0UwFCqHILSxtH1vXshRjrBeSfqoA==",
      "cpu": [
        "x64"
      ],
      "dev": true,
      "optional": true,
      "os": [
        "win32"
      ]
    },
    "node_modules/oxlint": {
      "version": "0.2.16",
      "resolved": "https://registry.npmjs.org/oxlint/-/oxlint-0.2.16.tgz",
      "integrity": "sha512-u9Laceg6qjlvR2T7LliIe8vLjE2eUl6oypHvuIAhP7YtTYoTB4//SqQ9yMqKD41uorQVOj851Ge/vcZFtK9fAw==",
      "dev": true,
      "bin": {
        "oxlint": "bin/oxlint"
      },
      "engines": {
        "node": ">=14.*"
      },
      "funding": {
        "url": "https://github.com/sponsors/Boshen"
      },
      "optionalDependencies": {
        "@oxlint/darwin-arm64": "0.2.16",
        "@oxlint/darwin-x64": "0.2.16",
        "@oxlint/linux-arm64-gnu": "0.2.16",
        "@oxlint/linux-arm64-musl": "0.2.16",
        "@oxlint/linux-x64-gnu": "0.2.16",
        "@oxlint/linux-x64-musl": "0.2.16",
        "@oxlint/win32-arm64": "0.2.16",
        "@oxlint/win32-x64": "0.2.16"
      }
    },
    "node_modules/oxlint-rs-npm": {
      "resolved": "..",
      "link": true
    }
  }
}
